SITE
  remote: http://community.opscode.com/api/v1
  specs:
    apt (1.7.0)
    aws (0.101.2)
    build-essential (1.4.0)
    chef_handler (1.1.4)
    database (1.4.0)
      aws (>= 0.0.0)
      mysql (>= 1.3.0)
      postgresql (>= 1.0.0)
      xfs (>= 0.0.0)
    dmg (1.1.0)
    git (2.5.2)
      build-essential (>= 0.0.0)
      dmg (>= 0.0.0)
      runit (>= 1.0)
      windows (>= 0.0.0)
      yum (>= 0.0.0)
    iptables (0.12.0)
    java (1.12.0)
      windows (>= 0.0.0)
    mysql (3.0.2)
      build-essential (> 1.1.0)
      openssl (>= 0.0.0)
    openssh (1.2.0)
      iptables (>= 0.0.0)
    openssl (1.0.2)
    postgresql (3.0.2)
      apt (>= 0.0.0)
      build-essential (>= 0.0.0)
      openssl (>= 0.0.0)
    ruby_build (0.8.0)
    runit (1.1.6)
      build-essential (>= 0.0.0)
      yum (>= 0.0.0)
    sqlite (1.0.0)
    windows (1.10.0)
      chef_handler (>= 0.0.0)
    xfs (1.1.0)
    xml (1.1.2)
      build-essential (>= 0.0.0)
    yum (2.3.0)
    zlib (2.0.0)
    zsh (1.0.0)

GIT
  remote: git://github.com/fnichol/chef-rbenv.git
  ref: v0.7.2
  sha: f2b53292e810dd2b43f6121f9958f5f29979dcb1
  specs:
    rbenv (0.7.2)

DEPENDENCIES
  apt (= 1.7.0)
  build-essential (>= 0)
  database (>= 0)
  git (>= 0)
  java (>= 0)
  mysql (>= 0)
  openssh (>= 0)
  postgresql (>= 0)
  rbenv (>= 0)
  ruby_build (>= 0)
  sqlite (>= 0)
  xml (>= 0)
  zlib (>= 0)
  zsh (>= 0)

